// !$*UTF8*$!
{
	archiveVersion = 1;
	classes = {
	};
	objectVersion = 46;
	objects = {

/* Begin PBXBuildFile section */
		2283EA121C011835008E6534 /* AppDelegate.swift in Sources */ = {isa = PBXBuildFile; fileRef = 2283EA111C011835008E6534 /* AppDelegate.swift */; };
		2283EA141C011835008E6534 /* ViewController.swift in Sources */ = {isa = PBXBuildFile; fileRef = 2283EA131C011835008E6534 /* ViewController.swift */; };
		2283EA171C011835008E6534 /* Main.storyboard in Resources */ = {isa = PBXBuildFile; fileRef = 2283EA151C011835008E6534 /* Main.storyboard */; };
		2283EA191C011835008E6534 /* Assets.xcassets in Resources */ = {isa = PBXBuildFile; fileRef = 2283EA181C011835008E6534 /* Assets.xcassets */; };
		2283EA1C1C011835008E6534 /* LaunchScreen.storyboard in Resources */ = {isa = PBXBuildFile; fileRef = 2283EA1A1C011835008E6534 /* LaunchScreen.storyboard */; };
		2283EA271C011835008E6534 /* saturdayTests.swift in Sources */ = {isa = PBXBuildFile; fileRef = 2283EA261C011835008E6534 /* saturdayTests.swift */; };
		228BB1481C0B3DC500F6F2AC /* SelectedImageDelegate.swift in Sources */ = {isa = PBXBuildFile; fileRef = 228BB1471C0B3DC500F6F2AC /* SelectedImageDelegate.swift */; };
		22F612951C0726B9003B55EF /* CollectionCollectionViewController.swift in Sources */ = {isa = PBXBuildFile; fileRef = 22F612941C0726B9003B55EF /* CollectionCollectionViewController.swift */; };
		22F612971C072703003B55EF /* CollectionViewCell.swift in Sources */ = {isa = PBXBuildFile; fileRef = 22F612961C072703003B55EF /* CollectionViewCell.swift */; };
		22F612991C074063003B55EF /* ImageLoader.swift in Sources */ = {isa = PBXBuildFile; fileRef = 22F612981C074063003B55EF /* ImageLoader.swift */; };
		22F6129D1C079258003B55EF /* NavigationController.swift in Sources */ = {isa = PBXBuildFile; fileRef = 22F6129C1C079258003B55EF /* NavigationController.swift */; };
		22F612CB1C07BDB3003B55EF /* DetailViewController.swift in Sources */ = {isa = PBXBuildFile; fileRef = 22F612CA1C07BDB3003B55EF /* DetailViewController.swift */; };
/* End PBXBuildFile section */

/* Begin PBXContainerItemProxy section */
		2283EA231C011835008E6534 /* PBXContainerItemProxy */ = {
			isa = PBXContainerItemProxy;
			containerPortal = 2283EA061C011835008E6534 /* Project object */;
			proxyType = 1;
			remoteGlobalIDString = 2283EA0D1C011835008E6534;
			remoteInfo = saturday;
		};
/* End PBXContainerItemProxy section */

/* Begin PBXFileReference section */
		2283EA0E1C011835008E6534 /* saturday.app */ = {isa = PBXFileReference; explicitFileType = wrapper.application; includeInIndex = 0; path = saturday.app; sourceTree = BUILT_PRODUCTS_DIR; };
		2283EA111C011835008E6534 /* AppDelegate.swift */ = {isa = PBXFileReference; lastKnownFileType = sourcecode.swift; path = AppDelegate.swift; sourceTree = "<group>"; };
		2283EA131C011835008E6534 /* ViewController.swift */ = {isa = PBXFileReference; lastKnownFileType = sourcecode.swift; path = ViewController.swift; sourceTree = "<group>"; };
		2283EA161C011835008E6534 /* Base */ = {isa = PBXFileReference; lastKnownFileType = file.storyboard; name = Base; path = Base.lproj/Main.storyboard; sourceTree = "<group>"; };
		2283EA181C011835008E6534 /* Assets.xcassets */ = {isa = PBXFileReference; lastKnownFileType = folder.assetcatalog; path = Assets.xcassets; sourceTree = "<group>"; };
		2283EA1B1C011835008E6534 /* Base */ = {isa = PBXFileReference; lastKnownFileType = file.storyboard; name = Base; path = Base.lproj/LaunchScreen.storyboard; sourceTree = "<group>"; };
		2283EA1D1C011835008E6534 /* Info.plist */ = {isa = PBXFileReference; lastKnownFileType = text.plist.xml; path = Info.plist; sourceTree = "<group>"; };
		2283EA221C011835008E6534 /* saturdayTests.xctest */ = {isa = PBXFileReference; explicitFileType = wrapper.cfbundle; includeInIndex = 0; path = saturdayTests.xctest; sourceTree = BUILT_PRODUCTS_DIR; };
		2283EA261C011835008E6534 /* saturdayTests.swift */ = {isa = PBXFileReference; lastKnownFileType = sourcecode.swift; path = saturdayTests.swift; sourceTree = "<group>"; };
		2283EA281C011835008E6534 /* Info.plist */ = {isa = PBXFileReference; lastKnownFileType = text.plist.xml; path = Info.plist; sourceTree = "<group>"; };
		228BB1471C0B3DC500F6F2AC /* SelectedImageDelegate.swift */ = {isa = PBXFileReference; fileEncoding = 4; lastKnownFileType = sourcecode.swift; path = SelectedImageDelegate.swift; sourceTree = "<group>"; };
		22F612941C0726B9003B55EF /* CollectionCollectionViewController.swift */ = {isa = PBXFileReference; fileEncoding = 4; lastKnownFileType = sourcecode.swift; path = CollectionCollectionViewController.swift; sourceTree = "<group>"; };
		22F612961C072703003B55EF /* CollectionViewCell.swift */ = {isa = PBXFileReference; fileEncoding = 4; lastKnownFileType = sourcecode.swift; path = CollectionViewCell.swift; sourceTree = "<group>"; };
		22F612981C074063003B55EF /* ImageLoader.swift */ = {isa = PBXFileReference; fileEncoding = 4; lastKnownFileType = sourcecode.swift; path = ImageLoader.swift; sourceTree = "<group>"; };
		22F6129C1C079258003B55EF /* NavigationController.swift */ = {isa = PBXFileReference; fileEncoding = 4; lastKnownFileType = sourcecode.swift; name = NavigationController.swift; path = ../NavigationController.swift; sourceTree = "<group>"; };
		22F612CA1C07BDB3003B55EF /* DetailViewController.swift */ = {isa = PBXFileReference; fileEncoding = 4; lastKnownFileType = sourcecode.swift; path = DetailViewController.swift; sourceTree = "<group>"; };
/* End PBXFileReference section */

/* Begin PBXFrameworksBuildPhase section */
		2283EA0B1C011835008E6534 /* Frameworks */ = {
			isa = PBXFrameworksBuildPhase;
			buildActionMask = 2147483647;
			files = (
			);
			runOnlyForDeploymentPostprocessing = 0;
		};
		2283EA1F1C011835008E6534 /* Frameworks */ = {
			isa = PBXFrameworksBuildPhase;
			buildActionMask = 2147483647;
			files = (
			);
			runOnlyForDeploymentPostprocessing = 0;
		};
/* End PBXFrameworksBuildPhase section */

/* Begin PBXGroup section */
		2283EA051C011835008E6534 = {
			isa = PBXGroup;
			children = (
				2283EA101C011835008E6534 /* saturday */,
				2283EA251C011835008E6534 /* saturdayTests */,
				2283EA0F1C011835008E6534 /* Products */,
			);
			sourceTree = "<group>";
		};
		2283EA0F1C011835008E6534 /* Products */ = {
			isa = PBXGroup;
			children = (
				2283EA0E1C011835008E6534 /* saturday.app */,
				2283EA221C011835008E6534 /* saturdayTests.xctest */,
			);
			name = Products;
			sourceTree = "<group>";
		};
		2283EA101C011835008E6534 /* saturday */ = {
			isa = PBXGroup;
			children = (
				228BB1471C0B3DC500F6F2AC /* SelectedImageDelegate.swift */,
				2283EA111C011835008E6534 /* AppDelegate.swift */,
				2283EA131C011835008E6534 /* ViewController.swift */,
				22F612941C0726B9003B55EF /* CollectionCollectionViewController.swift */,
				22F612961C072703003B55EF /* CollectionViewCell.swift */,
				22F6129C1C079258003B55EF /* NavigationController.swift */,
				22F612CA1C07BDB3003B55EF /* DetailViewController.swift */,
				22F612981C074063003B55EF /* ImageLoader.swift */,
				2283EA151C011835008E6534 /* Main.storyboard */,
				2283EA181C011835008E6534 /* Assets.xcassets */,
				2283EA1A1C011835008E6534 /* LaunchScreen.storyboard */,
				2283EA1D1C011835008E6534 /* Info.plist */,
			);
			path = saturday;
			sourceTree = "<group>";
		};
		2283EA251C011835008E6534 /* saturdayTests */ = {
			isa = PBXGroup;
			children = (
				2283EA261C011835008E6534 /* saturdayTests.swift */,
				2283EA281C011835008E6534 /* Info.plist */,
			);
			path = saturdayTests;
			sourceTree = "<group>";
		};
/* End PBXGroup section */

/* Begin PBXNativeTarget section */
		2283EA0D1C011835008E6534 /* saturday */ = {
			isa = PBXNativeTarget;
			buildConfigurationList = 2283EA2B1C011835008E6534 /* Build configuration list for PBXNativeTarget "saturday" */;
			buildPhases = (
				2283EA0A1C011835008E6534 /* Sources */,
				2283EA0B1C011835008E6534 /* Frameworks */,
				2283EA0C1C011835008E6534 /* Resources */,
			);
			buildRules = (
			);
			dependencies = (
			);
			name = saturday;
			productName = saturday;
			productReference = 2283EA0E1C011835008E6534 /* saturday.app */;
			productType = "com.apple.product-type.application";
		};
		2283EA211C011835008E6534 /* saturdayTests */ = {
			isa = PBXNativeTarget;
			buildConfigurationList = 2283EA2E1C011835008E6534 /* Build configuration list for PBXNativeTarget "saturdayTests" */;
			buildPhases = (
				2283EA1E1C011835008E6534 /* Sources */,
				2283EA1F1C011835008E6534 /* Frameworks */,
				2283EA201C011835008E6534 /* Resources */,
			);
			buildRules = (
			);
			dependencies = (
				2283EA241C011835008E6534 /* PBXTargetDependency */,
			);
			name = saturdayTests;
			productName = saturdayTests;
			productReference = 2283EA221C011835008E6534 /* saturdayTests.xctest */;
			productType = "com.apple.product-type.bundle.unit-test";
		};
/* End PBXNativeTarget section */

/* Begin PBXProject section */
		2283EA061C011835008E6534 /* Project object */ = {
			isa = PBXProject;
			attributes = {
				LastSwiftUpdateCheck = 0710;
				LastUpgradeCheck = 0710;
				ORGANIZATIONNAME = "matt johnston";
				TargetAttributes = {
					2283EA0D1C011835008E6534 = {
						CreatedOnToolsVersion = 7.1;
					};
					2283EA211C011835008E6534 = {
						CreatedOnToolsVersion = 7.1;
						TestTargetID = 2283EA0D1C011835008E6534;
					};
				};
			};
			buildConfigurationList = 2283EA091C011835008E6534 /* Build configuration list for PBXProject "saturday" */;
			compatibilityVersion = "Xcode 3.2";
			developmentRegion = English;
			hasScannedForEncodings = 0;
			knownRegions = (
				en,
				Base,
			);
			mainGroup = 2283EA051C011835008E6534;
			productRefGroup = 2283EA0F1C011835008E6534 /* Products */;
			projectDirPath = "";
			projectRoot = "";
			targets = (
				2283EA0D1C011835008E6534 /* saturday */,
				2283EA211C011835008E6534 /* saturdayTests */,
			);
		};
/* End PBXProject section */

/* Begin PBXResourcesBuildPhase section */
		2283EA0C1C011835008E6534 /* Resources */ = {
			isa = PBXResourcesBuildPhase;
			buildActionMask = 2147483647;
			files = (
				2283EA1C1C011835008E6534 /* LaunchScreen.storyboard in Resources */,
				2283EA191C011835008E6534 /* Assets.xcassets in Resources */,
				2283EA171C011835008E6534 /* Main.storyboard in Resources */,
			);
			runOnlyForDeploymentPostprocessing = 0;
		};
		2283EA201C011835008E6534 /* Resources */ = {
			isa = PBXResourcesBuildPhase;
			buildActionMask = 2147483647;
			files = (
			);
			runOnlyForDeploymentPostprocessing = 0;
		};
/* End PBXResourcesBuildPhase section */

/* Begin PBXSourcesBuildPhase section */
		2283EA0A1C011835008E6534 /* Sources */ = {
			isa = PBXSourcesBuildPhase;
			buildActionMask = 2147483647;
			files = (
				2283EA141C011835008E6534 /* ViewController.swift in Sources */,
				22F6129D1C079258003B55EF /* NavigationController.swift in Sources */,
				22F612951C0726B9003B55EF /* CollectionCollectionViewController.swift in Sources */,
				22F612991C074063003B55EF /* ImageLoader.swift in Sources */,
				22F612971C072703003B55EF /* CollectionViewCell.swift in Sources */,
				228BB1481C0B3DC500F6F2AC /* SelectedImageDelegate.swift in Sources */,
				2283EA121C011835008E6534 /* AppDelegate.swift in Sources */,
				22F612CB1C07BDB3003B55EF /* DetailViewController.swift in Sources */,
			);
			runOnlyForDeploymentPostprocessing = 0;
		};
		2283EA1E1C011835008E6534 /* Sources */ = {
			isa = PBXSourcesBuildPhase;
			buildActionMask = 2147483647;
			files = (
				2283EA271C011835008E6534 /* saturdayTests.swift in Sources */,
			);
			runOnlyForDeploymentPostprocessing = 0;
		};
/* End PBXSourcesBuildPhase section */

/* Begin PBXTargetDependency section */
		2283EA241C011835008E6534 /* PBXTargetDependency */ = {
			isa = PBXTargetDependency;
			target = 2283EA0D1C011835008E6534 /* saturday */;
			targetProxy = 2283EA231C011835008E6534 /* PBXContainerItemProxy */;
		};
/* End PBXTargetDependency section */

/* Begin PBXVariantGroup section */
		2283EA151C011835008E6534 /* Main.storyboard */ = {
			isa = PBXVariantGroup;
			children = (
				2283EA161C011835008E6534 /* Base */,
			);
			name = Main.storyboard;
			sourceTree = "<group>";
		};
		2283EA1A1C011835008E6534 /* LaunchScreen.storyboard */ = {
			isa = PBXVariantGroup;
			children = (
				2283EA1B1C011835008E6534 /* Base */,
			);
			name = LaunchScreen.storyboard;
			sourceTree = "<group>";
		};
/* End PBXVariantGroup section */

/* Begin XCBuildConfiguration section */
		2283EA291C011835008E6534 /* Debug */ = {
			isa = XCBuildConfiguration;
			buildSettings = {
				ALWAYS_SEARCH_USER_PATHS = NO;
				CLANG_CXX_LANGUAGE_STANDARD = "gnu++0x";
				CLANG_CXX_LIBRARY = "libc++";
				CLANG_ENABLE_MODULES = YES;
				CLANG_ENABLE_OBJC_ARC = YES;
				CLANG_WARN_BOOL_CONVERSION = YES;
				CLANG_WARN_CONSTANT_CONVERSION = YES;
				CLANG_WARN_DIRECT_OBJC_ISA_USAGE = YES_ERROR;
				CLANG_WARN_EMPTY_BODY = YES;
				CLANG_WARN_ENUM_CONVERSION = YES;
				CLANG_WARN_INT_CONVERSION = YES;
				CLANG_WARN_OBJC_ROOT_CLASS = YES_ERROR;
				CLANG_WARN_UNREACHABLE_CODE = YES;
				CLANG_WARN__DUPLICATE_METHOD_MATCH = YES;
				"CODE_SIGN_IDENTITY[sdk=iphoneos*]" = "iPhone Developer";
				COPY_PHASE_STRIP = NO;
				DEBUG_INFORMATION_FORMAT = dwarf;
				ENABLE_STRICT_OBJC_MSGSEND = YES;
				ENABLE_TESTABILITY = YES;
				GCC_C_LANGUAGE_STANDARD = gnu99;
				GCC_DYNAMIC_NO_PIC = NO;
				GCC_NO_COMMON_BLOCKS = YES;
				GCC_OPTIMIZATION_LEVEL = 0;
				GCC_PREPROCESSOR_DEFINITIONS = (
					"DEBUG=1",
					"$(inherited)",
				);
				GCC_WARN_64_TO_32_BIT_CONVERSION = YES;
				GCC_WARN_ABOUT_RETURN_TYPE = YES_ERROR;
				GCC_WARN_UNDECLARED_SELECTOR = YES;
				GCC_WARN_UNINITIALIZED_AUTOS = YES_AGGRESSIVE;
				GCC_WARN_UNUSED_FUNCTION = YES;
				GCC_WARN_UNUSED_VARIABLE = YES;
				IPHONEOS_DEPLOYMENT_TARGET = 9.1;
				MTL_ENABLE_DEBUG_INFO = YES;
				ONLY_ACTIVE_ARCH = YES;
				SDKROOT = iphoneos;
				SWIFT_OPTIMIZATION_LEVEL = "-Onone";
				TARGETED_DEVICE_FAMILY = "1,2";
			};
			name = Debug;
		};
		2283EA2A1C011835008E6534 /* Release */ = {
			isa = XCBuildConfiguration;
			buildSettings = {
				ALWAYS_SEARCH_USER_PATHS = NO;
				CLANG_CXX_LANGUAGE_STANDARD = "gnu++0x";
				CLANG_CXX_LIBRARY = "libc++";
				CLANG_ENABLE_MODULES = YES;
				CLANG_ENABLE_OBJC_ARC = YES;
				CLANG_WARN_BOOL_CONVERSION = YES;
				CLANG_WARN_CONSTANT_CONVERSION = YES;
				CLANG_WARN_DIRECT_OBJC_ISA_USAGE = YES_ERROR;
				CLANG_WARN_EMPTY_BODY = YES;
				CLANG_WARN_ENUM_CONVERSION = YES;
				CLANG_WARN_INT_CONVERSION = YES;
				CLANG_WARN_OBJC_ROOT_CLASS = YES_ERROR;
				CLANG_WARN_UNREACHABLE_CODE = YES;
				CLANG_WARN__DUPLICATE_METHOD_MATCH = YES;
				"CODE_SIGN_IDENTITY[sdk=iphoneos*]" = "iPhone Developer";
				COPY_PHASE_STRIP = NO;
				DEBUG_INFORMATION_FORMAT = "dwarf-with-dsym";
				ENABLE_NS_ASSERTIONS = NO;
				ENABLE_STRICT_OBJC_MSGSEND = YES;
				GCC_C_LANGUAGE_STANDARD = gnu99;
				GCC_NO_COMMON_BLOCKS = YES;
				GCC_WARN_64_TO_32_BIT_CONVERSION = YES;
				GCC_WARN_ABOUT_RETURN_TYPE = YES_ERROR;
				GCC_WARN_UNDECLARED_SELECTOR = YES;
				GCC_WARN_UNINITIALIZED_AUTOS = YES_AGGRESSIVE;
				GCC_WARN_UNUSED_FUNCTION = YES;
				GCC_WARN_UNUSED_VARIABLE = YES;
				IPHONEOS_DEPLOYMENT_TARGET = 9.1;
				MTL_ENABLE_DEBUG_INFO = NO;
				SDKROOT = iphoneos;
				TARGETED_DEVICE_FAMILY = "1,2";
				VALIDATE_PRODUCT = YES;
			};
			name = Release;
		};
		2283EA2C1C011835008E6534 /* Debug */ = {
			isa = XCBuildConfiguration;
			buildSettings = {
				ASSETCATALOG_COMPILER_APPICON_NAME = AppIcon;
				INFOPLIST_FILE = saturday/Info.plist;
				IPHONEOS_DEPLOYMENT_TARGET = 8.0;
				LD_RUNPATH_SEARCH_PATHS = "$(inherited) @executable_path/Frameworks";
				PRODUCT_BUNDLE_IDENTIFIER = com.bokzatrix.saturday;
				PRODUCT_NAME = "$(TARGET_NAME)";
			};
			name = Debug;
		};
		2283EA2D1C011835008E6534 /* Release */ = {
			isa = XCBuildConfiguration;
			buildSettings = {
				ASSETCATALOG_COMPILER_APPICON_NAME = AppIcon;
				INFOPLIST_FILE = saturday/Info.plist;
				IPHONEOS_DEPLOYMENT_TARGET = 8.0;
				LD_RUNPATH_SEARCH_PATHS = "$(inherited) @executable_path/Frameworks";
				PRODUCT_BUNDLE_IDENTIFIER = com.bokzatrix.saturday;
				PRODUCT_NAME = "$(TARGET_NAME)";
			};
			name = Release;
		};
		2283EA2F1C011835008E6534 /* Debug */ = {
			isa = XCBuildConfiguration;
			buildSettings = {
				BUNDLE_LOADER = "$(TEST_HOST)";
				INFOPLIST_FILE = saturdayTests/Info.plist;
				LD_RUNPATH_SEARCH_PATHS = "$(inherited) @executable_path/Frameworks @loader_path/Frameworks";
				PRODUCT_BUNDLE_IDENTIFIER = com.bokzatrix.saturdayTests;
				PRODUCT_NAME = "$(TARGET_NAME)";
				TEST_HOST = "$(BUILT_PRODUCTS_DIR)/saturday.app/saturday";
			};
			name = Debug;
		};
		2283EA301C011835008E6534 /* Release */ = {
			isa = XCBuildConfiguration;
			buildSettings = {
				BUNDLE_LOADER = "$(TEST_HOST)";
				INFOPLIST_FILE = saturdayTests/Info.plist;
				LD_RUNPATH_SEARCH_PATHS = "$(inherited) @executable_path/Frameworks @loader_path/Frameworks";
				PRODUCT_BUNDLE_IDENTIFIER = com.bokzatrix.saturdayTests;
				PRODUCT_NAME = "$(TARGET_NAME)";
				TEST_HOST = "$(BUILT_PRODUCTS_DIR)/saturday.app/saturday";
			};
			name = Release;
		};
/* End XCBuildConfiguration section */

/* Begin XCConfigurationList section */
		2283EA091C011835008E6534 /* Build configuration list for PBXProject "saturday" */ = {
			isa = XCConfigurationList;
			buildConfigurations = (
				2283EA291C011835008E6534 /* Debug */,
				2283EA2A1C011835008E6534 /* Release */,
			);
			defaultConfigurationIsVisible = 0;
			defaultConfigurationName = Release;
		};
		2283EA2B1C011835008E6534 /* Build configuration list for PBXNativeTarget "saturday" */ = {
			isa = XCConfigurationList;
			buildConfigurations = (
				2283EA2C1C011835008E6534 /* Debug */,
				2283EA2D1C011835008E6534 /* Release */,
			);
			defaultConfigurationIsVisible = 0;
			defaultConfigurationName = Release;
		};
		2283EA2E1C011835008E6534 /* Build configuration list for PBXNativeTarget "saturdayTests" */ = {
			isa = XCConfigurationList;
			buildConfigurations = (
				2283EA2F1C011835008E6534 /* Debug */,
				2283EA301C011835008E6534 /* Release */,
			);
			defaultConfigurationIsVisible = 0;
			defaultConfigurationName = Release;
		};
/* End XCConfigurationList section */
	};
	rootObject = 2283EA061C011835008E6534 /* Project object */;
}
